{
  "name": "soulbound",
  "version": "1.0.0",
  "lockfileVersion": 1,
  "requires": true,
  "dependencies": {
    "@babel/runtime": {
      "version": "7.19.0",
      "resolved": "https://registry.npmjs.org/@babel/runtime/-/runtime-7.19.0.tgz",
      "integrity": "sha512-eR8Lo9hnDS7tqkO7NsV+mKvCmv5boaXFSZ70DnfhcgiEne8hv9oCEd36Klw74EtizEqLsy4YnW8UWwpBVolHZA==",
      "requires": {
        "regenerator-runtime": "^0.13.4"
      }
    },
    "@types/lodash": {
      "version": "4.14.185",
      "resolved": "https://registry.npmjs.org/@types/lodash/-/lodash-4.14.185.tgz",
      "integrity": "sha512-evMDG1bC4rgQg4ku9tKpuMh5iBNEwNa3tf9zRHdP1qlv+1WUg44xat4IxCE14gIpZRGUUWAx2VhItCZc25NfMA=="
    },
    "lodash": {
      "version": "4.17.21",
      "resolved": "https://registry.npmjs.org/lodash/-/lodash-4.17.21.tgz",
      "integrity": "sha512-v2kDEe57lecTulaDIuNTPy3Ry4gLGJ6Z1O3vE1krgXZNrsQ+LFTGHVxVjcXPs17LhbZVGedAJv8XZ1tvj5FvSg=="
    },
    "lodash-es": {
      "version": "4.17.21",
      "resolved": "https://registry.npmjs.org/lodash-es/-/lodash-es-4.17.21.tgz",
      "integrity": "sha512-mKnC+QJ9pWVzv+C4/U3rRsHapFfHvQFoFB92e52xeyGMcX6/OlIl78je1u8vePzYZSkkogMPJ2yjxxsb89cxyw=="
    },
    "nanoclone": {
      "version": "0.2.1",
      "resolved": "https://registry.npmjs.org/nanoclone/-/nanoclone-0.2.1.tgz",
      "integrity": "sha512-wynEP02LmIbLpcYw8uBKpcfF6dmg2vcpKqxeH5UcoKEYdExslsdUA4ugFauuaeYdTB76ez6gJW8XAZ6CgkXYxA=="
    },
    "property-expr": {
      "version": "2.0.5",
      "resolved": "https://registry.npmjs.org/property-expr/-/property-expr-2.0.5.tgz",
      "integrity": "sha512-IJUkICM5dP5znhCckHSv30Q4b5/JA5enCtkRHYaOVOAocnH/1BQEYTC5NMfT3AVl/iXKdr3aqQbQn9DxyWknwA=="
    },
    "regenerator-runtime": {
      "version": "0.13.9",
      "resolved": "https://registry.npmjs.org/regenerator-runtime/-/regenerator-runtime-0.13.9.tgz",
      "integrity": "sha512-p3VT+cOEgxFsRRA9X4lkI1E+k2/CtnKtU4gcxyaCUreilL/vqI6CdZ3wxVUx3UOUg+gnUOQQcRI7BmSI656MYA=="
    },
    "toposort": {
      "version": "2.0.2",
      "resolved": "https://registry.npmjs.org/toposort/-/toposort-2.0.2.tgz",
      "integrity": "sha512-0a5EOkAUp8D4moMi2W8ZF8jcga7BgZd91O/yabJCFY8az+XSzeGyTKs0Aoo897iV1Nj6guFq8orWDS96z91oGg=="
    },
    "turbo": {
      "version": "1.4.5",
      "resolved": "https://registry.npmjs.org/turbo/-/turbo-1.4.5.tgz",
      "integrity": "sha512-imAyc1kZusjzMWY4RO572FWws8x6CoM5mX7D3qtMjdGuqOBNBhPTIaJ0LmQLu+xzuKIOlJ5m/2587CsHOJTdgw==",
      "dev": true,
      "requires": {
        "turbo-android-arm64": "1.4.5",
        "turbo-darwin-64": "1.4.5",
        "turbo-darwin-arm64": "1.4.5",
        "turbo-freebsd-64": "1.4.5",
        "turbo-freebsd-arm64": "1.4.5",
        "turbo-linux-32": "1.4.5",
        "turbo-linux-64": "1.4.5",
        "turbo-linux-arm": "1.4.5",
        "turbo-linux-arm64": "1.4.5",
        "turbo-linux-mips64le": "1.4.5",
        "turbo-linux-ppc64le": "1.4.5",
        "turbo-windows-32": "1.4.5",
        "turbo-windows-64": "1.4.5",
        "turbo-windows-arm64": "1.4.5"
      }
    },
    "turbo-android-arm64": {
      "version": "1.4.5",
      "resolved": "https://registry.npmjs.org/turbo-android-arm64/-/turbo-android-arm64-1.4.5.tgz",
      "integrity": "sha512-cKPJVyS1A2BBVbcH8XVeBArtEjHxioEm9zQa3Hv68usQOOFW+KOjH+0fGvjqMrWztLVFhE+npeVsnyu/6AmRew==",
      "dev": true,
      "optional": true
    },
    "turbo-darwin-64": {
      "version": "1.4.5",
      "resolved": "https://registry.npmjs.org/turbo-darwin-64/-/turbo-darwin-64-1.4.5.tgz",
      "integrity": "sha512-cK6LjkziSfopTznpfx3EdW/C11xFlK01tYxNj0XPoBW4vNb1zLsfrI/HIwp0SzdNLqzCBwOJBK0VB07Q1MmlxQ==",
      "dev": true,
      "optional": true
    },
    "turbo-darwin-arm64": {
      "version": "1.4.5",
      "resolved": "https://registry.npmjs.org/turbo-darwin-arm64/-/turbo-darwin-arm64-1.4.5.tgz",
      "integrity": "sha512-hnixteVmfllup0//mGr2AZOff8oJ9dEydRU/EvbyIJ7PdkSct8758YnP5l2yMyxxipHHALSwchOKcySoaPBLRw==",
      "dev": true,
      "optional": true
    },
    "turbo-freebsd-64": {
      "version": "1.4.5",
      "resolved": "https://registry.npmjs.org/turbo-freebsd-64/-/turbo-freebsd-64-1.4.5.tgz",
      "integrity": "sha512-DDNSDiKJF/F1qbSNlvRs2UO79iMPlKFw/ZcVCDKXRjMI5uMRujMIfNnoStAg6kifYZJ0KIxnzdsbbJFtCTgPhQ==",
      "dev": true,
      "optional": true
    },
    "turbo-freebsd-arm64": {
      "version": "1.4.5",
      "resolved": "https://registry.npmjs.org/turbo-freebsd-arm64/-/turbo-freebsd-arm64-1.4.5.tgz",
      "integrity": "sha512-pFU8ujUp7XU527NM04P4foDjOKfi8f0rNJqREU6AMxawiMI6y0oyHc3W4VNKm0Y9IsjcfguZKZRMPeQ0n7LgJA==",
      "dev": true,
      "optional": true
    },
    "turbo-linux-32": {
      "version": "1.4.5",
      "resolved": "https://registry.npmjs.org/turbo-linux-32/-/turbo-linux-32-1.4.5.tgz",
      "integrity": "sha512-Y5pnIetm4CwxbG1YQbvnTmjROPjQjX03ktHvmoekBleU1coYGShGPd9iarQZ96XkeaRevfwfSJ90AnDGwc3/QQ==",
      "dev": true,
      "optional": true
    },
    "turbo-linux-64": {
      "version": "1.4.5",
      "resolved": "https://registry.npmjs.org/turbo-linux-64/-/turbo-linux-64-1.4.5.tgz",
      "integrity": "sha512-tiTusM7mYib3iLmVOWmxhsg6xU3EArjOL4l3yh9rYBdArhDJk+DrhXkbJkYOYgNSWUEfPeBs0lzSkfTIQ2H21g==",
      "dev": true,
      "optional": true
    },
    "turbo-linux-arm": {
      "version": "1.4.5",
      "resolved": "https://registry.npmjs.org/turbo-linux-arm/-/turbo-linux-arm-1.4.5.tgz",
      "integrity": "sha512-5BsTRsoZeUWXWau4t4CNdL6NjlDdXrh8suhj5YolXUVCe039A5IutS7Dgd4i8dV1BovFCU3bz38dqQI2Qst5eQ==",
      "dev": true,
      "optional": true
    },
    "turbo-linux-arm64": {
      "version": "1.4.5",
      "resolved": "https://registry.npmjs.org/turbo-linux-arm64/-/turbo-linux-arm64-1.4.5.tgz",
      "integrity": "sha512-R03HPqb0tJtqsGF4P3oPWsggdpTe9CZiBEtzATFpL7WVzm/Dsimy1Wcj07v6gCWdgi/mWmRt+OcZfGhnf7mibQ==",
      "dev": true,
      "optional": true
    },
    "turbo-linux-mips64le": {
      "version": "1.4.5",
      "resolved": "https://registry.npmjs.org/turbo-linux-mips64le/-/turbo-linux-mips64le-1.4.5.tgz",
      "integrity": "sha512-08+WhWCx2Bp6wKH8im4Z2iEBCgiWJLZbNbZ8YHxamwlIk1JsklyCCMikMSWb0GmpKi7EIjdmtPRQY2CyoBefpg==",
      "dev": true,
      "optional": true
    },
    "turbo-linux-ppc64le": {
      "version": "1.4.5",
      "resolved": "https://registry.npmjs.org/turbo-linux-ppc64le/-/turbo-linux-ppc64le-1.4.5.tgz",
      "integrity": "sha512-feGjTOYcCbg12Y6JzL8nxaUOzjqqYtO6vtxrJy16yVCd2k2htd18iZ1kLjWKDZA94vdyW5lfyAGsAQik2eAC4A==",
      "dev": true,
      "optional": true
    },
    "turbo-windows-32": {
      "version": "1.4.5",
      "resolved": "https://registry.npmjs.org/turbo-windows-32/-/turbo-windows-32-1.4.5.tgz",
      "integrity": "sha512-O4tOnGmVJrR1JOKepuUvx/kqgaU6eMEjYUihJlvQmz9pTA/ecs8HrTGyXrabbmp5YdUmF2qsXaAcOvEuJaNPmQ==",
      "dev": true,
      "optional": true
    },
    "turbo-windows-64": {
      "version": "1.4.5",
      "resolved": "https://registry.npmjs.org/turbo-windows-64/-/turbo-windows-64-1.4.5.tgz",
      "integrity": "sha512-3W9gGq9h2szhestsoA1XqN9hV0wCRpGCEV6fbb3q9EaJY8K9Tff8By0mi+fE31OKHY4om+PHg595q7kybcyG/Q==",
      "dev": true,
      "optional": true
    },
    "turbo-windows-arm64": {
      "version": "1.4.5",
      "resolved": "https://registry.npmjs.org/turbo-windows-arm64/-/turbo-windows-arm64-1.4.5.tgz",
      "integrity": "sha512-/77f6OJM/4MqYEoCMER5MZTbfJZuVN22R9mc7iJDFOrNJrwvAWiAx98Fvo7WEVpMjGFUEq4Wi0UV5SpMAGU3bA==",
      "dev": true,
      "optional": true
    },
    "yup": {
      "version": "0.32.11",
      "resolved": "https://registry.npmjs.org/yup/-/yup-0.32.11.tgz",
      "integrity": "sha512-Z2Fe1bn+eLstG8DRR6FTavGD+MeAwyfmouhHsIUgaADz8jvFKbO/fXc2trJKZg+5EBjh4gGm3iU/t3onKlXHIg==",
      "requires": {
        "@babel/runtime": "^7.15.4",
        "@types/lodash": "^4.14.175",
        "lodash": "^4.17.21",
        "lodash-es": "^4.17.21",
        "nanoclone": "^0.2.1",
        "property-expr": "^2.0.4",
        "toposort": "^2.0.2"
      }
    }
  }
}
